Microsoft Visual Studio Solution File, Format Version 12.00
# Visual Studio 15
VisualStudioVersion = 15.0.28307.438
MinimumVisualStudioVersion = 10.0.40219.1
Project("{FAE04EC0-301F-11D3-BF4B-00C04F79EFBC}") = "ShipEngine.ApiClient", "src\ShipEngine.ApiClient\ShipEngine.ApiClient.csproj", "{4977078C-51A8-47E8-BFA1-7D4748E4DE6A}"
EndProject
Project("{FAE04EC0-301F-11D3-BF4B-00C04F79EFBC}") = "ShipEngine.ApiClient.Test", "src\ShipEngine.ApiClient.Test\ShipEngine.ApiClient.Test.csproj", "{19F1DEBC-DE5E-4517-8062-F000CD499087}"
EndProject
Global
	GlobalSection(SolutionConfigurationPlatforms) = preSolution
		Debug|Any CPU = Debug|Any CPU
		Release|Any CPU = Release|Any CPU
	EndGlobalSection
	GlobalSection(ProjectConfigurationPlatforms) = postSolution
		{4977078C-51A8-47E8-BFA1-7D4748E4DE6A}.Debug|Any CPU.ActiveCfg = Debug|Any CPU
		{4977078C-51A8-47E8-BFA1-7D4748E4DE6A}.Debug|Any CPU.Build.0 = Debug|Any CPU
		{4977078C-51A8-47E8-BFA1-7D4748E4DE6A}.Release|Any CPU.ActiveCfg = Release|Any CPU
		{4977078C-51A8-47E8-BFA1-7D4748E4DE6A}.Release|Any CPU.Build.0 = Release|Any CPU
		{19F1DEBC-DE5E-4517-8062-F000CD499087}.Debug|Any CPU.ActiveCfg = Debug|Any CPU
		{19F1DEBC-DE5E-4517-8062-F000CD499087}.Debug|Any CPU.Build.0 = Debug|Any CPU
		{19F1DEBC-DE5E-4517-8062-F000CD499087}.Release|Any CPU.ActiveCfg = Release|Any CPU
		{19F1DEBC-DE5E-4517-8062-F000CD499087}.Release|Any CPU.Build.0 = Release|Any CPU
	EndGlobalSection
	GlobalSection(SolutionProperties) = preSolution
		HideSolutionNode = FALSE
	EndGlobalSection
	GlobalSection(ExtensibilityGlobals) = postSolution
		SolutionGuid = {3EFB53A9-952A-4486-81D4-C80B72A56C30}
	EndGlobalSection
EndGlobal
